// !$*UTF8*$!
{
	archiveVersion = 1;
	classes = {
	};
	objectVersion = 50;
	objects = {

/* Begin PBXBuildFile section */
		5195ABB426832EA300801725 /* Tests_iOS.swift in Sources */ = {isa = PBXBuildFile; fileRef = 5195ABB326832EA300801725 /* Tests_iOS.swift */; };
		5195ABBF26832EA300801725 /* Tests_macOS.swift in Sources */ = {isa = PBXBuildFile; fileRef = 5195ABBE26832EA300801725 /* Tests_macOS.swift */; };
		5195ABC126832EA300801725 /* swift_exampleApp.swift in Sources */ = {isa = PBXBuildFile; fileRef = 5195AB9826832EA100801725 /* swift_exampleApp.swift */; };
		5195ABC226832EA300801725 /* swift_exampleApp.swift in Sources */ = {isa = PBXBuildFile; fileRef = 5195AB9826832EA100801725 /* swift_exampleApp.swift */; };
		5195ABC326832EA300801725 /* ContentView.swift in Sources */ = {isa = PBXBuildFile; fileRef = 5195AB9926832EA100801725 /* ContentView.swift */; };
		5195ABC426832EA300801725 /* ContentView.swift in Sources */ = {isa = PBXBuildFile; fileRef = 5195AB9926832EA100801725 /* ContentView.swift */; };
		5195ABC526832EA300801725 /* Assets.xcassets in Resources */ = {isa = PBXBuildFile; fileRef = 5195AB9A26832EA300801725 /* Assets.xcassets */; };
		5195ABC626832EA300801725 /* Assets.xcassets in Resources */ = {isa = PBXBuildFile; fileRef = 5195AB9A26832EA300801725 /* Assets.xcassets */; };
		51B0092F26837A1A00F248DC /* SwiftUI.framework in Frameworks */ = {isa = PBXBuildFile; fileRef = 51B0092E26837A1A00F248DC /* SwiftUI.framework */; };
		51B0093126837CFD00F248DC /* ContactView.swift in Sources */ = {isa = PBXBuildFile; fileRef = 51B0093026837CFD00F248DC /* ContactView.swift */; };
		51B009352683868700F248DC /* ControllerView.swift in Sources */ = {isa = PBXBuildFile; fileRef = 51B009342683868700F248DC /* ControllerView.swift */; };
/* End PBXBuildFile section */

/* Begin PBXContainerItemProxy section */
		5195ABB026832EA300801725 /* PBXContainerItemProxy */ = {
			isa = PBXContainerItemProxy;
			containerPortal = 5195AB9326832EA000801725 /* Project object */;
			proxyType = 1;
			remoteGlobalIDString = 5195AB9E26832EA300801725;
			remoteInfo = "swift-example (iOS)";
		};
		5195ABBB26832EA300801725 /* PBXContainerItemProxy */ = {
			isa = PBXContainerItemProxy;
			containerPortal = 5195AB9326832EA000801725 /* Project object */;
			proxyType = 1;
			remoteGlobalIDString = 5195ABA626832EA300801725;
			remoteInfo = "swift-example (macOS)";
		};
/* End PBXContainerItemProxy section */

/* Begin PBXFileReference section */
		5195AB9826832EA100801725 /* swift_exampleApp.swift */ = {isa = PBXFileReference; lastKnownFileType = sourcecode.swift; path = swift_exampleApp.swift; sourceTree = "<group>"; };
		5195AB9926832EA100801725 /* ContentView.swift */ = {isa = PBXFileReference; lastKnownFileType = sourcecode.swift; path = ContentView.swift; sourceTree = "<group>"; };
		5195AB9A26832EA300801725 /* Assets.xcassets */ = {isa = PBXFileReference; lastKnownFileType = folder.assetcatalog; path = Assets.xcassets; sourceTree = "<group>"; };
		5195AB9F26832EA300801725 /* swift-example.app */ = {isa = PBXFileReference; explicitFileType = wrapper.application; includeInIndex = 0; path = "swift-example.app"; sourceTree = BUILT_PRODUCTS_DIR; };
		5195ABA226832EA300801725 /* Info.plist */ = {isa = PBXFileReference; lastKnownFileType = text.plist.xml; path = Info.plist; sourceTree = "<group>"; };
		5195ABA726832EA300801725 /* swift-example.app */ = {isa = PBXFileReference; explicitFileType = wrapper.application; includeInIndex = 0; path = "swift-example.app"; sourceTree = BUILT_PRODUCTS_DIR; };
		5195ABA926832EA300801725 /* Info.plist */ = {isa = PBXFileReference; lastKnownFileType = text.plist.xml; path = Info.plist; sourceTree = "<group>"; };
		5195ABAA26832EA300801725 /* macOS.entitlements */ = {isa = PBXFileReference; lastKnownFileType = text.plist.entitlements; path = macOS.entitlements; sourceTree = "<group>"; };
		5195ABAF26832EA300801725 /* Tests iOS.xctest */ = {isa = PBXFileReference; explicitFileType = wrapper.cfbundle; includeInIndex = 0; path = "Tests iOS.xctest"; sourceTree = BUILT_PRODUCTS_DIR; };
		5195ABB326832EA300801725 /* Tests_iOS.swift */ = {isa = PBXFileReference; lastKnownFileType = sourcecode.swift; path = Tests_iOS.swift; sourceTree = "<group>"; };
		5195ABB526832EA300801725 /* Info.plist */ = {isa = PBXFileReference; lastKnownFileType = text.plist.xml; path = Info.plist; sourceTree = "<group>"; };
		5195ABBA26832EA300801725 /* Tests macOS.xctest */ = {isa = PBXFileReference; explicitFileType = wrapper.cfbundle; includeInIndex = 0; path = "Tests macOS.xctest"; sourceTree = BUILT_PRODUCTS_DIR; };
		5195ABBE26832EA300801725 /* Tests_macOS.swift */ = {isa = PBXFileReference; lastKnownFileType = sourcecode.swift; path = Tests_macOS.swift; sourceTree = "<group>"; };
		5195ABC026832EA300801725 /* Info.plist */ = {isa = PBXFileReference; lastKnownFileType = text.plist.xml; path = Info.plist; sourceTree = "<group>"; };
		51B0092E26837A1A00F248DC /* SwiftUI.framework */ = {isa = PBXFileReference; lastKnownFileType = wrapper.framework; name = SwiftUI.framework; path = Platforms/iPhoneOS.platform/Developer/SDKs/iPhoneOS14.5.sdk/System/Library/Frameworks/SwiftUI.framework; sourceTree = DEVELOPER_DIR; };
		51B0093026837CFD00F248DC /* ContactView.swift */ = {isa = PBXFileReference; lastKnownFileType = sourcecode.swift; path = ContactView.swift; sourceTree = "<group>"; };
		51B009342683868700F248DC /* ControllerView.swift */ = {isa = PBXFileReference; lastKnownFileType = sourcecode.swift; path = ControllerView.swift; sourceTree = "<group>"; };
/* End PBXFileReference section */

/* Begin PBXFrameworksBuildPhase section */
		5195AB9C26832EA300801725 /* Frameworks */ = {
			isa = PBXFrameworksBuildPhase;
			buildActionMask = 2147483647;
			files = (
				51B0092F26837A1A00F248DC /* SwiftUI.framework in Frameworks */,
			);
			runOnlyForDeploymentPostprocessing = 0;
		};
		5195ABA426832EA300801725 /* Frameworks */ = {
			isa = PBXFrameworksBuildPhase;
			buildActionMask = 2147483647;
			files = (
			);
			runOnlyForDeploymentPostprocessing = 0;
		};
		5195ABAC26832EA300801725 /* Frameworks */ = {
			isa = PBXFrameworksBuildPhase;
			buildActionMask = 2147483647;
			files = (
			);
			runOnlyForDeploymentPostprocessing = 0;
		};
		5195ABB726832EA300801725 /* Frameworks */ = {
			isa = PBXFrameworksBuildPhase;
			buildActionMask = 2147483647;
			files = (
			);
			runOnlyForDeploymentPostprocessing = 0;
		};
/* End PBXFrameworksBuildPhase section */

/* Begin PBXGroup section */
		5195AB9226832EA000801725 = {
			isa = PBXGroup;
			children = (
				5195AB9726832EA100801725 /* Shared */,
				5195ABA126832EA300801725 /* iOS */,
				5195ABA826832EA300801725 /* macOS */,
				5195ABB226832EA300801725 /* Tests iOS */,
				5195ABBD26832EA300801725 /* Tests macOS */,
				5195ABA026832EA300801725 /* Products */,
				51B0092D26837A1A00F248DC /* Frameworks */,
			);
			sourceTree = "<group>";
		};
		5195AB9726832EA100801725 /* Shared */ = {
			isa = PBXGroup;
			children = (
				5195AB9826832EA100801725 /* swift_exampleApp.swift */,
				5195AB9926832EA100801725 /* ContentView.swift */,
				51B009342683868700F248DC /* ControllerView.swift */,
				51B0093026837CFD00F248DC /* ContactView.swift */,
				5195AB9A26832EA300801725 /* Assets.xcassets */,
			);
			path = Shared;
			sourceTree = "<group>";
		};
		5195ABA026832EA300801725 /* Products */ = {
			isa = PBXGroup;
			children = (
				5195AB9F26832EA300801725 /* swift-example.app */,
				5195ABA726832EA300801725 /* swift-example.app */,
				5195ABAF26832EA300801725 /* Tests iOS.xctest */,
				5195ABBA26832EA300801725 /* Tests macOS.xctest */,
			);
			name = Products;
			sourceTree = "<group>";
		};
		5195ABA126832EA300801725 /* iOS */ = {
			isa = PBXGroup;
			children = (
				5195ABA226832EA300801725 /* Info.plist */,
			);
			path = iOS;
			sourceTree = "<group>";
		};
		5195ABA826832EA300801725 /* macOS */ = {
			isa = PBXGroup;
			children = (
				5195ABA926832EA300801725 /* Info.plist */,
				5195ABAA26832EA300801725 /* macOS.entitlements */,
			);
			path = macOS;
			sourceTree = "<group>";
		};
		5195ABB226832EA300801725 /* Tests iOS */ = {
			isa = PBXGroup;
			children = (
				5195ABB326832EA300801725 /* Tests_iOS.swift */,
				5195ABB526832EA300801725 /* Info.plist */,
			);
			path = "Tests iOS";
			sourceTree = "<group>";
		};
		5195ABBD26832EA300801725 /* Tests macOS */ = {
			isa = PBXGroup;
			children = (
				5195ABBE26832EA300801725 /* Tests_macOS.swift */,
				5195ABC026832EA300801725 /* Info.plist */,
			);
			path = "Tests macOS";
			sourceTree = "<group>";
		};
		51B0092D26837A1A00F248DC /* Frameworks */ = {
			isa = PBXGroup;
			children = (
				51B0092E26837A1A00F248DC /* SwiftUI.framework */,
			);
			name = Frameworks;
			sourceTree = "<group>";
		};
/* End PBXGroup section */

/* Begin PBXNativeTarget section */
		5195AB9E26832EA300801725 /* swift-example (iOS) */ = {
			isa = PBXNativeTarget;
			buildConfigurationList = 5195ABC926832EA300801725 /* Build configuration list for PBXNativeTarget "swift-example (iOS)" */;
			buildPhases = (
				5195AB9B26832EA300801725 /* Sources */,
				5195AB9C26832EA300801725 /* Frameworks */,
				5195AB9D26832EA300801725 /* Resources */,
			);
			buildRules = (
			);
			dependencies = (
			);
			name = "swift-example (iOS)";
			productName = "swift-example (iOS)";
			productReference = 5195AB9F26832EA300801725 /* swift-example.app */;
			productType = "com.apple.product-type.application";
		};
		5195ABA626832EA300801725 /* swift-example (macOS) */ = {
			isa = PBXNativeTarget;
			buildConfigurationList = 5195ABCC26832EA300801725 /* Build configuration list for PBXNativeTarget "swift-example (macOS)" */;
			buildPhases = (
				5195ABA326832EA300801725 /* Sources */,
				5195ABA426832EA300801725 /* Frameworks */,
				5195ABA526832EA300801725 /* Resources */,
			);
			buildRules = (
			);
			dependencies = (
			);
			name = "swift-example (macOS)";
			productName = "swift-example (macOS)";
			productReference = 5195ABA726832EA300801725 /* swift-example.app */;
			productType = "com.apple.product-type.application";
		};
		5195ABAE26832EA300801725 /* Tests iOS */ = {
			isa = PBXNativeTarget;
			buildConfigurationList = 5195ABCF26832EA300801725 /* Build configuration list for PBXNativeTarget "Tests iOS" */;
			buildPhases = (
				5195ABAB26832EA300801725 /* Sources */,
				5195ABAC26832EA300801725 /* Frameworks */,
				5195ABAD26832EA300801725 /* Resources */,
			);
			buildRules = (
			);
			dependencies = (
				5195ABB126832EA300801725 /* PBXTargetDependency */,
			);
			name = "Tests iOS";
			productName = "Tests iOS";
			productReference = 5195ABAF26832EA300801725 /* Tests iOS.xctest */;
			productType = "com.apple.product-type.bundle.ui-testing";
		};
		5195ABB926832EA300801725 /* Tests macOS */ = {
			isa = PBXNativeTarget;
			buildConfigurationList = 5195ABD226832EA300801725 /* Build configuration list for PBXNativeTarget "Tests macOS" */;
			buildPhases = (
				5195ABB626832EA300801725 /* Sources */,
				5195ABB726832EA300801725 /* Frameworks */,
				5195ABB826832EA300801725 /* Resources */,
			);
			buildRules = (
			);
			dependencies = (
				5195ABBC26832EA300801725 /* PBXTargetDependency */,
			);
			name = "Tests macOS";
			productName = "Tests macOS";
			productReference = 5195ABBA26832EA300801725 /* Tests macOS.xctest */;
			productType = "com.apple.product-type.bundle.ui-testing";
		};
/* End PBXNativeTarget section */

/* Begin PBXProject section */
		5195AB9326832EA000801725 /* Project object */ = {
			isa = PBXProject;
			attributes = {
				LastSwiftUpdateCheck = 1250;
				LastUpgradeCheck = 1250;
				TargetAttributes = {
					5195AB9E26832EA300801725 = {
						CreatedOnToolsVersion = 12.5;
					};
					5195ABA626832EA300801725 = {
						CreatedOnToolsVersion = 12.5;
					};
					5195ABAE26832EA300801725 = {
						CreatedOnToolsVersion = 12.5;
						TestTargetID = 5195AB9E26832EA300801725;
					};
					5195ABB926832EA300801725 = {
						CreatedOnToolsVersion = 12.5;
						TestTargetID = 5195ABA626832EA300801725;
					};
				};
			};
			buildConfigurationList = 5195AB9626832EA000801725 /* Build configuration list for PBXProject "swift-example" */;
			compatibilityVersion = "Xcode 9.3";
			developmentRegion = en;
			hasScannedForEncodings = 0;
			knownRegions = (
				en,
				Base,
			);
			mainGroup = 5195AB9226832EA000801725;
			productRefGroup = 5195ABA026832EA300801725 /* Products */;
			projectDirPath = "";
			projectRoot = "";
			targets = (
				5195AB9E26832EA300801725 /* swift-example (iOS) */,
				5195ABA626832EA300801725 /* swift-example (macOS) */,
				5195ABAE26832EA300801725 /* Tests iOS */,
				5195ABB926832EA300801725 /* Tests macOS */,
			);
		};
/* End PBXProject section */

/* Begin PBXResourcesBuildPhase section */
		5195AB9D26832EA300801725 /* Resources */ = {
			isa = PBXResourcesBuildPhase;
			buildActionMask = 2147483647;
			files = (
				5195ABC526832EA300801725 /* Assets.xcassets in Resources */,
			);
			runOnlyForDeploymentPostprocessing = 0;
		};
		5195ABA526832EA300801725 /* Resources */ = {
			isa = PBXResourcesBuildPhase;
			buildActionMask = 2147483647;
			files = (
				5195ABC626832EA300801725 /* Assets.xcassets in Resources */,
			);
			runOnlyForDeploymentPostprocessing = 0;
		};
		5195ABAD26832EA300801725 /* Resources */ = {
			isa = PBXResourcesBuildPhase;
			buildActionMask = 2147483647;
			files = (
			);
			runOnlyForDeploymentPostprocessing = 0;
		};
		5195ABB826832EA300801725 /* Resources */ = {
			isa = PBXResourcesBuildPhase;
			buildActionMask = 2147483647;
			files = (
			);
			runOnlyForDeploymentPostprocessing = 0;
		};
/* End PBXResourcesBuildPhase section */

/* Begin PBXSourcesBuildPhase section */
		5195AB9B26832EA300801725 /* Sources */ = {
			isa = PBXSourcesBuildPhase;
			buildActionMask = 2147483647;
			files = (
				5195ABC326832EA300801725 /* ContentView.swift in Sources */,
				51B0093126837CFD00F248DC /* ContactView.swift in Sources */,
				51B009352683868700F248DC /* ControllerView.swift in Sources */,
				5195ABC126832EA300801725 /* swift_exampleApp.swift in Sources */,
			);
			runOnlyForDeploymentPostprocessing = 0;
		};
		5195ABA326832EA300801725 /* Sources */ = {
			isa = PBXSourcesBuildPhase;
			buildActionMask = 2147483647;
			files = (
				5195ABC426832EA300801725 /* ContentView.swift in Sources */,
				5195ABC226832EA300801725 /* swift_exampleApp.swift in Sources */,
			);
			runOnlyForDeploymentPostprocessing = 0;
		};
		5195ABAB26832EA300801725 /* Sources */ = {
			isa = PBXSourcesBuildPhase;
			buildActionMask = 2147483647;
			files = (
				5195ABB426832EA300801725 /* Tests_iOS.swift in Sources */,
			);
			runOnlyForDeploymentPostprocessing = 0;
		};
		5195ABB626832EA300801725 /* Sources */ = {
			isa = PBXSourcesBuildPhase;
			buildActionMask = 2147483647;
			files = (
				5195ABBF26832EA300801725 /* Tests_macOS.swift in Sources */,
			);
			runOnlyForDeploymentPostprocessing = 0;
		};
/* End PBXSourcesBuildPhase section */

/* Begin PBXTargetDependency section */
		5195ABB126832EA300801725 /* PBXTargetDependency */ = {
			isa = PBXTargetDependency;
			target = 5195AB9E26832EA300801725 /* swift-example (iOS) */;
			targetProxy = 5195ABB026832EA300801725 /* PBXContainerItemProxy */;
		};
		5195ABBC26832EA300801725 /* PBXTargetDependency */ = {
			isa = PBXTargetDependency;
			target = 5195ABA626832EA300801725 /* swift-example (macOS) */;
			targetProxy = 5195ABBB26832EA300801725 /* PBXContainerItemProxy */;
		};
/* End PBXTargetDependency section */

/* Begin XCBuildConfiguration section */
		5195ABC726832EA300801725 /* Debug */ = {
			isa = XCBuildConfiguration;
			buildSettings = {
				ALWAYS_SEARCH_USER_PATHS = NO;
				CLANG_ANALYZER_NONNULL = YES;
				CLANG_ANALYZER_NUMBER_OBJECT_CONVERSION = YES_AGGRESSIVE;
				CLANG_CXX_LANGUAGE_STANDARD = "gnu++14";
				CLANG_CXX_LIBRARY = "libc++";
				CLANG_ENABLE_MODULES = YES;
				CLANG_ENABLE_OBJC_ARC = YES;
				CLANG_ENABLE_OBJC_WEAK = YES;
				CLANG_WARN_BLOCK_CAPTURE_AUTORELEASING = YES;
				CLANG_WARN_BOOL_CONVERSION = YES;
				CLANG_WARN_COMMA = YES;
				CLANG_WARN_CONSTANT_CONVERSION = YES;
				CLANG_WARN_DEPRECATED_OBJC_IMPLEMENTATIONS = YES;
				CLANG_WARN_DIRECT_OBJC_ISA_USAGE = YES_ERROR;
				CLANG_WARN_DOCUMENTATION_COMMENTS = YES;
				CLANG_WARN_EMPTY_BODY = YES;
				CLANG_WARN_ENUM_CONVERSION = YES;
				CLANG_WARN_INFINITE_RECURSION = YES;
				CLANG_WARN_INT_CONVERSION = YES;
				CLANG_WARN_NON_LITERAL_NULL_CONVERSION = YES;
				CLANG_WARN_OBJC_IMPLICIT_RETAIN_SELF = YES;
				CLANG_WARN_OBJC_LITERAL_CONVERSION = YES;
				CLANG_WARN_OBJC_ROOT_CLASS = YES_ERROR;
				CLANG_WARN_QUOTED_INCLUDE_IN_FRAMEWORK_HEADER = YES;
				CLANG_WARN_RANGE_LOOP_ANALYSIS = YES;
				CLANG_WARN_STRICT_PROTOTYPES = YES;
				CLANG_WARN_SUSPICIOUS_MOVE = YES;
				CLANG_WARN_UNGUARDED_AVAILABILITY = YES_AGGRESSIVE;
				CLANG_WARN_UNREACHABLE_CODE = YES;
				CLANG_WARN__DUPLICATE_METHOD_MATCH = YES;
				COPY_PHASE_STRIP = NO;
				DEBUG_INFORMATION_FORMAT = dwarf;
				ENABLE_STRICT_OBJC_MSGSEND = YES;
				ENABLE_TESTABILITY = YES;
				GCC_C_LANGUAGE_STANDARD = gnu11;
				GCC_DYNAMIC_NO_PIC = NO;
				GCC_NO_COMMON_BLOCKS = YES;
				GCC_OPTIMIZATION_LEVEL = 0;
				GCC_PREPROCESSOR_DEFINITIONS = (
					"DEBUG=1",
					"$(inherited)",
				);
				GCC_WARN_64_TO_32_BIT_CONVERSION = YES;
				GCC_WARN_ABOUT_RETURN_TYPE = YES_ERROR;
				GCC_WARN_UNDECLARED_SELECTOR = YES;
				GCC_WARN_UNINITIALIZED_AUTOS = YES_AGGRESSIVE;
				GCC_WARN_UNUSED_FUNCTION = YES;
				GCC_WARN_UNUSED_VARIABLE = YES;
				MTL_ENABLE_DEBUG_INFO = INCLUDE_SOURCE;
				MTL_FAST_MATH = YES;
				ONLY_ACTIVE_ARCH = YES;
				SWIFT_ACTIVE_COMPILATION_CONDITIONS = DEBUG;
				SWIFT_OPTIMIZATION_LEVEL = "-Onone";
			};
			name = Debug;
		};
		5195ABC826832EA300801725 /* Release */ = {
			isa = XCBuildConfiguration;
			buildSettings = {
				ALWAYS_SEARCH_USER_PATHS = NO;
				CLANG_ANALYZER_NONNULL = YES;
				CLANG_ANALYZER_NUMBER_OBJECT_CONVERSION = YES_AGGRESSIVE;
				CLANG_CXX_LANGUAGE_STANDARD = "gnu++14";
				CLANG_CXX_LIBRARY = "libc++";
				CLANG_ENABLE_MODULES = YES;
				CLANG_ENABLE_OBJC_ARC = YES;
				CLANG_ENABLE_OBJC_WEAK = YES;
				CLANG_WARN_BLOCK_CAPTURE_AUTORELEASING = YES;
				CLANG_WARN_BOOL_CONVERSION = YES;
				CLANG_WARN_COMMA = YES;
				CLANG_WARN_CONSTANT_CONVERSION = YES;
				CLANG_WARN_DEPRECATED_OBJC_IMPLEMENTATIONS = YES;
				CLANG_WARN_DIRECT_OBJC_ISA_USAGE = YES_ERROR;
				CLANG_WARN_DOCUMENTATION_COMMENTS = YES;
				CLANG_WARN_EMPTY_BODY = YES;
				CLANG_WARN_ENUM_CONVERSION = YES;
				CLANG_WARN_INFINITE_RECURSION = YES;
				CLANG_WARN_INT_CONVERSION = YES;
				CLANG_WARN_NON_LITERAL_NULL_CONVERSION = YES;
				CLANG_WARN_OBJC_IMPLICIT_RETAIN_SELF = YES;
				CLANG_WARN_OBJC_LITERAL_CONVERSION = YES;
				CLANG_WARN_OBJC_ROOT_CLASS = YES_ERROR;
				CLANG_WARN_QUOTED_INCLUDE_IN_FRAMEWORK_HEADER = YES;
				CLANG_WARN_RANGE_LOOP_ANALYSIS = YES;
				CLANG_WARN_STRICT_PROTOTYPES = YES;
				CLANG_WARN_SUSPICIOUS_MOVE = YES;
				CLANG_WARN_UNGUARDED_AVAILABILITY = YES_AGGRESSIVE;
				CLANG_WARN_UNREACHABLE_CODE = YES;
				CLANG_WARN__DUPLICATE_METHOD_MATCH = YES;
				COPY_PHASE_STRIP = NO;
				DEBUG_INFORMATION_FORMAT = "dwarf-with-dsym";
				ENABLE_NS_ASSERTIONS = NO;
				ENABLE_STRICT_OBJC_MSGSEND = YES;
				GCC_C_LANGUAGE_STANDARD = gnu11;
				GCC_NO_COMMON_BLOCKS = YES;
				GCC_WARN_64_TO_32_BIT_CONVERSION = YES;
				GCC_WARN_ABOUT_RETURN_TYPE = YES_ERROR;
				GCC_WARN_UNDECLARED_SELECTOR = YES;
				GCC_WARN_UNINITIALIZED_AUTOS = YES_AGGRESSIVE;
				GCC_WARN_UNUSED_FUNCTION = YES;
				GCC_WARN_UNUSED_VARIABLE = YES;
				MTL_ENABLE_DEBUG_INFO = NO;
				MTL_FAST_MATH = YES;
				SWIFT_COMPILATION_MODE = wholemodule;
				SWIFT_OPTIMIZATION_LEVEL = "-O";
			};
			name = Release;
		};
		5195ABCA26832EA300801725 /* Debug */ = {
			isa = XCBuildConfiguration;
			buildSettings = {
				ASSETCATALOG_COMPILER_APPICON_NAME = AppIcon;
				ASSETCATALOG_COMPILER_GLOBAL_ACCENT_COLOR_NAME = AccentColor;
				CODE_SIGN_STYLE = Automatic;
				ENABLE_PREVIEWS = YES;
				INFOPLIST_FILE = iOS/Info.plist;
				IPHONEOS_DEPLOYMENT_TARGET = 14.0;
				LD_RUNPATH_SEARCH_PATHS = (
					"$(inherited)",
					"@executable_path/Frameworks",
				);
				PRODUCT_BUNDLE_IDENTIFIER = "nmf.swift-example";
				PRODUCT_NAME = "swift-example";
				SDKROOT = iphoneos;
				SWIFT_VERSION = 5.0;
				TARGETED_DEVICE_FAMILY = "1,2";
			};
			name = Debug;
		};
		5195ABCB26832EA300801725 /* Release */ = {
			isa = XCBuildConfiguration;
			buildSettings = {
				ASSETCATALOG_COMPILER_APPICON_NAME = AppIcon;
				ASSETCATALOG_COMPILER_GLOBAL_ACCENT_COLOR_NAME = AccentColor;
				CODE_SIGN_STYLE = Automatic;
				ENABLE_PREVIEWS = YES;
				INFOPLIST_FILE = iOS/Info.plist;
				IPHONEOS_DEPLOYMENT_TARGET = 14.0;
				LD_RUNPATH_SEARCH_PATHS = (
					"$(inherited)",
					"@executable_path/Frameworks",
				);
				PRODUCT_BUNDLE_IDENTIFIER = "nmf.swift-example";
				PRODUCT_NAME = "swift-example";
				SDKROOT = iphoneos;
				SWIFT_VERSION = 5.0;
				TARGETED_DEVICE_FAMILY = "1,2";
				VALIDATE_PRODUCT = YES;
			};
			name = Release;
		};
		5195ABCD26832EA300801725 /* Debug */ = {
			isa = XCBuildConfiguration;
			buildSettings = {
				ASSETCATALOG_COMPILER_APPICON_NAME = AppIcon;
				ASSETCATALOG_COMPILER_GLOBAL_ACCENT_COLOR_NAME = AccentColor;
				CODE_SIGN_ENTITLEMENTS = macOS/macOS.entitlements;
				CODE_SIGN_STYLE = Automatic;
				COMBINE_HIDPI_IMAGES = YES;
				ENABLE_PREVIEWS = YES;
				INFOPLIST_FILE = macOS/Info.plist;
				LD_RUNPATH_SEARCH_PATHS = (
					"$(inherited)",
					"@executable_path/../Frameworks",
				);
				MACOSX_DEPLOYMENT_TARGET = 11.0;
				PRODUCT_BUNDLE_IDENTIFIER = "nmf.swift-example";
				PRODUCT_NAME = "swift-example";
				SDKROOT = macosx;
				SWIFT_VERSION = 5.0;
			};
			name = Debug;
		};
		5195ABCE26832EA300801725 /* Release */ = {
			isa = XCBuildConfiguration;
			buildSettings = {
				ASSETCATALOG_COMPILER_APPICON_NAME = AppIcon;
				ASSETCATALOG_COMPILER_GLOBAL_ACCENT_COLOR_NAME = AccentColor;
				CODE_SIGN_ENTITLEMENTS = macOS/macOS.entitlements;
				CODE_SIGN_STYLE = Automatic;
				COMBINE_HIDPI_IMAGES = YES;
				ENABLE_PREVIEWS = YES;
				INFOPLIST_FILE = macOS/Info.plist;
				LD_RUNPATH_SEARCH_PATHS = (
					"$(inherited)",
					"@executable_path/../Frameworks",
				);
				MACOSX_DEPLOYMENT_TARGET = 11.0;
				PRODUCT_BUNDLE_IDENTIFIER = "nmf.swift-example";
				PRODUCT_NAME = "swift-example";
				SDKROOT = macosx;
				SWIFT_VERSION = 5.0;
			};
			name = Release;
		};
		5195ABD026832EA300801725 /* Debug */ = {
			isa = XCBuildConfiguration;
			buildSettings = {
				ALWAYS_EMBED_SWIFT_STANDARD_LIBRARIES = YES;
				CODE_SIGN_STYLE = Automatic;
				INFOPLIST_FILE = "Tests iOS/Info.plist";
				IPHONEOS_DEPLOYMENT_TARGET = 14.5;
				LD_RUNPATH_SEARCH_PATHS = (
					"$(inherited)",
					"@executable_path/Frameworks",
					"@loader_path/Frameworks",
				);
				PRODUCT_BUNDLE_IDENTIFIER = "nmf.Tests-iOS";
				PRODUCT_NAME = "$(TARGET_NAME)";
				SDKROOT = iphoneos;
				SWIFT_VERSION = 5.0;
				TARGETED_DEVICE_FAMILY = "1,2";
				TEST_TARGET_NAME = "swift-example (iOS)";
			};
			name = Debug;
		};
		5195ABD126832EA300801725 /* Release */ = {
			isa = XCBuildConfiguration;
			buildSettings = {
				ALWAYS_EMBED_SWIFT_STANDARD_LIBRARIES = YES;
				CODE_SIGN_STYLE = Automatic;
				INFOPLIST_FILE = "Tests iOS/Info.plist";
				IPHONEOS_DEPLOYMENT_TARGET = 14.5;
				LD_RUNPATH_SEARCH_PATHS = (
					"$(inherited)",
					"@executable_path/Frameworks",
					"@loader_path/Frameworks",
				);
				PRODUCT_BUNDLE_IDENTIFIER = "nmf.Tests-iOS";
				PRODUCT_NAME = "$(TARGET_NAME)";
				SDKROOT = iphoneos;
				SWIFT_VERSION = 5.0;
				TARGETED_DEVICE_FAMILY = "1,2";
				TEST_TARGET_NAME = "swift-example (iOS)";
				VALIDATE_PRODUCT = YES;
			};
			name = Release;
		};
		5195ABD326832EA300801725 /* Debug */ = {
			isa = XCBuildConfiguration;
			buildSettings = {
				ALWAYS_EMBED_SWIFT_STANDARD_LIBRARIES = YES;
				CODE_SIGN_STYLE = Automatic;
				COMBINE_HIDPI_IMAGES = YES;
				INFOPLIST_FILE = "Tests macOS/Info.plist";
				LD_RUNPATH_SEARCH_PATHS = (
					"$(inherited)",
					"@executable_path/../Frameworks",
					"@loader_path/../Frameworks",
				);
				MACOSX_DEPLOYMENT_TARGET = 11.2;
				PRODUCT_BUNDLE_IDENTIFIER = "nmf.Tests-macOS";
				PRODUCT_NAME = "$(TARGET_NAME)";
				SDKROOT = macosx;
				SWIFT_VERSION = 5.0;
				TEST_TARGET_NAME = "swift-example (macOS)";
			};
			name = Debug;
		};
		5195ABD426832EA300801725 /* Release */ = {
			isa = XCBuildConfiguration;
			buildSettings = {
				ALWAYS_EMBED_SWIFT_STANDARD_LIBRARIES = YES;
				CODE_SIGN_STYLE = Automatic;
				COMBINE_HIDPI_IMAGES = YES;
				INFOPLIST_FILE = "Tests macOS/Info.plist";
				LD_RUNPATH_SEARCH_PATHS = (
					"$(inherited)",
					"@executable_path/../Frameworks",
					"@loader_path/../Frameworks",
				);
				MACOSX_DEPLOYMENT_TARGET = 11.2;
				PRODUCT_BUNDLE_IDENTIFIER = "nmf.Tests-macOS";
				PRODUCT_NAME = "$(TARGET_NAME)";
				SDKROOT = macosx;
				SWIFT_VERSION = 5.0;
				TEST_TARGET_NAME = "swift-example (macOS)";
			};
			name = Release;
		};
/* End XCBuildConfiguration section */

/* Begin XCConfigurationList section */
		5195AB9626832EA000801725 /* Build configuration list for PBXProject "swift-example" */ = {
			isa = XCConfigurationList;
			buildConfigurations = (
				5195ABC726832EA300801725 /* Debug */,
				5195ABC826832EA300801725 /* Release */,
			);
			defaultConfigurationIsVisible = 0;
			defaultConfigurationName = Release;
		};
		5195ABC926832EA300801725 /* Build configuration list for PBXNativeTarget "swift-example (iOS)" */ = {
			isa = XCConfigurationList;
			buildConfigurations = (
				5195ABCA26832EA300801725 /* Debug */,
				5195ABCB26832EA300801725 /* Release */,
			);
			defaultConfigurationIsVisible = 0;
			defaultConfigurationName = Release;
		};
		5195ABCC26832EA300801725 /* Build configuration list for PBXNativeTarget "swift-example (macOS)" */ = {
			isa = XCConfigurationList;
			buildConfigurations = (
				5195ABCD26832EA300801725 /* Debug */,
				5195ABCE26832EA300801725 /* Release */,
			);
			defaultConfigurationIsVisible = 0;
			defaultConfigurationName = Release;
		};
		5195ABCF26832EA300801725 /* Build configuration list for PBXNativeTarget "Tests iOS" */ = {
			isa = XCConfigurationList;
			buildConfigurations = (
				5195ABD026832EA300801725 /* Debug */,
				5195ABD126832EA300801725 /* Release */,
			);
			defaultConfigurationIsVisible = 0;
			defaultConfigurationName = Release;
		};
		5195ABD226832EA300801725 /* Build configuration list for PBXNativeTarget "Tests macOS" */ = {
			isa = XCConfigurationList;
			buildConfigurations = (
				5195ABD326832EA300801725 /* Debug */,
				5195ABD426832EA300801725 /* Release */,
			);
			defaultConfigurationIsVisible = 0;
			defaultConfigurationName = Release;
		};
/* End XCConfigurationList section */
	};
	rootObject = 5195AB9326832EA000801725 /* Project object */;
}
